PODS:
  - Kingfisher (5.1.1)
  - SkeletonView (1.4.2)

DEPENDENCIES:
  - Kingfisher
  - SkeletonView

SPEC REPOS:
  https://github.com/cocoapods/specs.git:
    - Kingfisher
    - SkeletonView

SPEC CHECKSUMS:
  Kingfisher: 2558186963e5be42d98c5b110ccb3130148b77e4
  SkeletonView: c2523c3c8c6510e273e49a3bf364a434744c3914

PODFILE CHECKSUM: a601862ee89024a0532c082c37f79dec24f9a582

COCOAPODS: 1.5.3
