PODS:
  - Kingfisher (5.4.0)
  - MKProgress (1.0.9)

DEPENDENCIES:
  - Kingfisher
  - MKProgress

SPEC REPOS:
  https://github.com/cocoapods/specs.git:
    - Kingfisher
    - MKProgress

SPEC CHECKSUMS:
  Kingfisher: 9c8f2cc6710334e06f32ba2b45e77707d5e2f0c9
  MKProgress: 4fa8dd701b872c82b780c885d577f99c8848d584

PODFILE CHECKSUM: a7eb372a6f3a28a7dfcd3980b1233990d538bb01

COCOAPODS: 1.5.3
